
Microsoft Visual Studio Solution File, Format Version 12.00
# Visual Studio 14
VisualStudioVersion = 14.0.25420.1
MinimumVisualStudioVersion = 10.0.40219.1
Project("{8BC9CEB8-8B4A-11D0-8D11-00A0C91BC942}") = "PostView2", "PostView2\PostView2.vcxproj", "{304993CF-BC63-4DEC-819F-524CDD833FCF}"
	ProjectSection(ProjectDependencies) = postProject
		{86DFE213-2FD0-4BC3-810C-4A879FB00E71} = {86DFE213-2FD0-4BC3-810C-4A879FB00E71}
		{64A2151A-530F-4ABC-A0D2-96E76ABDE666} = {64A2151A-530F-4ABC-A0D2-96E76ABDE666}
		{D9F7D86A-8EB0-47B4-973E-F31B374288C1} = {D9F7D86A-8EB0-47B4-973E-F31B374288C1}
		{E07ACAA9-A35D-423C-B5E4-08464373BAF8} = {E07ACAA9-A35D-423C-B5E4-08464373BAF8}
	EndProjectSection
EndProject
Project("{8BC9CEB8-8B4A-11D0-8D11-00A0C91BC942}") = "PostViewLib", "PostViewLib\PostViewLib.vcxproj", "{86DFE213-2FD0-4BC3-810C-4A879FB00E71}"
EndProject
Project("{8BC9CEB8-8B4A-11D0-8D11-00A0C91BC942}") = "GLWLib", "GLWLib\GLWLib.vcxproj", "{E07ACAA9-A35D-423C-B5E4-08464373BAF8}"
EndProject
Project("{8BC9CEB8-8B4A-11D0-8D11-00A0C91BC942}") = "xpltlib", "xpltlib\xpltlib.vcxproj", "{64A2151A-530F-4ABC-A0D2-96E76ABDE666}"
EndProject
Project("{8BC9CEB8-8B4A-11D0-8D11-00A0C91BC942}") = "PostGL", "GLLib\GLLib.vcxproj", "{D9F7D86A-8EB0-47B4-973E-F31B374288C1}"
EndProject
Global
	GlobalSection(SolutionConfigurationPlatforms) = preSolution
		Debug|x64 = Debug|x64
		Debug|x86 = Debug|x86
		Release|x64 = Release|x64
		Release|x86 = Release|x86
	EndGlobalSection
	GlobalSection(ProjectConfigurationPlatforms) = postSolution
		{304993CF-BC63-4DEC-819F-524CDD833FCF}.Debug|x64.ActiveCfg = Debug|x64
		{304993CF-BC63-4DEC-819F-524CDD833FCF}.Debug|x64.Build.0 = Debug|x64
		{304993CF-BC63-4DEC-819F-524CDD833FCF}.Debug|x86.ActiveCfg = Debug|Win32
		{304993CF-BC63-4DEC-819F-524CDD833FCF}.Debug|x86.Build.0 = Debug|Win32
		{304993CF-BC63-4DEC-819F-524CDD833FCF}.Release|x64.ActiveCfg = Release|x64
		{304993CF-BC63-4DEC-819F-524CDD833FCF}.Release|x64.Build.0 = Release|x64
		{304993CF-BC63-4DEC-819F-524CDD833FCF}.Release|x86.ActiveCfg = Release|Win32
		{304993CF-BC63-4DEC-819F-524CDD833FCF}.Release|x86.Build.0 = Release|Win32
		{86DFE213-2FD0-4BC3-810C-4A879FB00E71}.Debug|x64.ActiveCfg = Debug|x64
		{86DFE213-2FD0-4BC3-810C-4A879FB00E71}.Debug|x64.Build.0 = Debug|x64
		{86DFE213-2FD0-4BC3-810C-4A879FB00E71}.Debug|x86.ActiveCfg = Debug|Win32
		{86DFE213-2FD0-4BC3-810C-4A879FB00E71}.Debug|x86.Build.0 = Debug|Win32
		{86DFE213-2FD0-4BC3-810C-4A879FB00E71}.Release|x64.ActiveCfg = Release|x64
		{86DFE213-2FD0-4BC3-810C-4A879FB00E71}.Release|x64.Build.0 = Release|x64
		{86DFE213-2FD0-4BC3-810C-4A879FB00E71}.Release|x86.ActiveCfg = Release|Win32
		{86DFE213-2FD0-4BC3-810C-4A879FB00E71}.Release|x86.Build.0 = Release|Win32
		{E07ACAA9-A35D-423C-B5E4-08464373BAF8}.Debug|x64.ActiveCfg = Debug|x64
		{E07ACAA9-A35D-423C-B5E4-08464373BAF8}.Debug|x64.Build.0 = Debug|x64
		{E07ACAA9-A35D-423C-B5E4-08464373BAF8}.Debug|x86.ActiveCfg = Debug|Win32
		{E07ACAA9-A35D-423C-B5E4-08464373BAF8}.Debug|x86.Build.0 = Debug|Win32
		{E07ACAA9-A35D-423C-B5E4-08464373BAF8}.Release|x64.ActiveCfg = Release|x64
		{E07ACAA9-A35D-423C-B5E4-08464373BAF8}.Release|x64.Build.0 = Release|x64
		{E07ACAA9-A35D-423C-B5E4-08464373BAF8}.Release|x86.ActiveCfg = Release|Win32
		{E07ACAA9-A35D-423C-B5E4-08464373BAF8}.Release|x86.Build.0 = Release|Win32
		{64A2151A-530F-4ABC-A0D2-96E76ABDE666}.Debug|x64.ActiveCfg = Debug|x64
		{64A2151A-530F-4ABC-A0D2-96E76ABDE666}.Debug|x64.Build.0 = Debug|x64
		{64A2151A-530F-4ABC-A0D2-96E76ABDE666}.Debug|x86.ActiveCfg = Debug|Win32
		{64A2151A-530F-4ABC-A0D2-96E76ABDE666}.Debug|x86.Build.0 = Debug|Win32
		{64A2151A-530F-4ABC-A0D2-96E76ABDE666}.Release|x64.ActiveCfg = Release|x64
		{64A2151A-530F-4ABC-A0D2-96E76ABDE666}.Release|x64.Build.0 = Release|x64
		{64A2151A-530F-4ABC-A0D2-96E76ABDE666}.Release|x86.ActiveCfg = Release|Win32
		{64A2151A-530F-4ABC-A0D2-96E76ABDE666}.Release|x86.Build.0 = Release|Win32
		{D9F7D86A-8EB0-47B4-973E-F31B374288C1}.Debug|x64.ActiveCfg = Debug|x64
		{D9F7D86A-8EB0-47B4-973E-F31B374288C1}.Debug|x64.Build.0 = Debug|x64
		{D9F7D86A-8EB0-47B4-973E-F31B374288C1}.Debug|x86.ActiveCfg = Debug|Win32
		{D9F7D86A-8EB0-47B4-973E-F31B374288C1}.Debug|x86.Build.0 = Debug|Win32
		{D9F7D86A-8EB0-47B4-973E-F31B374288C1}.Release|x64.ActiveCfg = Release|x64
		{D9F7D86A-8EB0-47B4-973E-F31B374288C1}.Release|x64.Build.0 = Release|x64
		{D9F7D86A-8EB0-47B4-973E-F31B374288C1}.Release|x86.ActiveCfg = Release|Win32
		{D9F7D86A-8EB0-47B4-973E-F31B374288C1}.Release|x86.Build.0 = Release|Win32
	EndGlobalSection
	GlobalSection(SolutionProperties) = preSolution
		HideSolutionNode = FALSE
	EndGlobalSection
EndGlobal
