
Microsoft Visual Studio Solution File, Format Version 12.00
# Visual Studio 2013
VisualStudioVersion = 12.0.21005.1
MinimumVisualStudioVersion = 10.0.40219.1
Project("{8BC9CEB8-8B4A-11D0-8D11-00A0C91BC942}") = "PostView2", "PostView2\PostView2.vcxproj", "{91ED7824-098D-48E1-804F-D79A362BEFAD}"
EndProject
Project("{8BC9CEB8-8B4A-11D0-8D11-00A0C91BC942}") = "PostViewLib", "PostViewLib\PostViewLib.vcxproj", "{4989852C-31F2-43BB-B60B-8F06B4011499}"
EndProject
Global
	GlobalSection(SolutionConfigurationPlatforms) = preSolution
		Debug|Win32 = Debug|Win32
		Debug|x64 = Debug|x64
		Release|Win32 = Release|Win32
		Release|x64 = Release|x64
	EndGlobalSection
	GlobalSection(ProjectConfigurationPlatforms) = postSolution
		{91ED7824-098D-48E1-804F-D79A362BEFAD}.Debug|Win32.ActiveCfg = Debug|Win32
		{91ED7824-098D-48E1-804F-D79A362BEFAD}.Debug|Win32.Build.0 = Debug|Win32
		{91ED7824-098D-48E1-804F-D79A362BEFAD}.Debug|x64.ActiveCfg = Debug|x64
		{91ED7824-098D-48E1-804F-D79A362BEFAD}.Debug|x64.Build.0 = Debug|x64
		{91ED7824-098D-48E1-804F-D79A362BEFAD}.Release|Win32.ActiveCfg = Release|Win32
		{91ED7824-098D-48E1-804F-D79A362BEFAD}.Release|Win32.Build.0 = Release|Win32
		{91ED7824-098D-48E1-804F-D79A362BEFAD}.Release|x64.ActiveCfg = Release|x64
		{91ED7824-098D-48E1-804F-D79A362BEFAD}.Release|x64.Build.0 = Release|x64
		{4989852C-31F2-43BB-B60B-8F06B4011499}.Debug|Win32.ActiveCfg = Debug|Win32
		{4989852C-31F2-43BB-B60B-8F06B4011499}.Debug|Win32.Build.0 = Debug|Win32
		{4989852C-31F2-43BB-B60B-8F06B4011499}.Debug|x64.ActiveCfg = Debug|x64
		{4989852C-31F2-43BB-B60B-8F06B4011499}.Debug|x64.Build.0 = Debug|x64
		{4989852C-31F2-43BB-B60B-8F06B4011499}.Release|Win32.ActiveCfg = Release|Win32
		{4989852C-31F2-43BB-B60B-8F06B4011499}.Release|Win32.Build.0 = Release|Win32
		{4989852C-31F2-43BB-B60B-8F06B4011499}.Release|x64.ActiveCfg = Release|x64
		{4989852C-31F2-43BB-B60B-8F06B4011499}.Release|x64.Build.0 = Release|x64
	EndGlobalSection
	GlobalSection(SolutionProperties) = preSolution
		HideSolutionNode = FALSE
	EndGlobalSection
EndGlobal
