
Microsoft Visual Studio Solution File, Format Version 12.00
# Visual Studio 2013
VisualStudioVersion = 12.0.40629.0
MinimumVisualStudioVersion = 10.0.40219.1
Project("{8BC9CEB8-8B4A-11D0-8D11-00A0C91BC942}") = "PostView2", "PostView2\PostView2.vcxproj", "{91ED7824-098D-48E1-804F-D79A362BEFAD}"
	ProjectSection(ProjectDependencies) = postProject
		{4989852C-31F2-43BB-B60B-8F06B4011499} = {4989852C-31F2-43BB-B60B-8F06B4011499}
		{4F21506E-831D-4E17-B0EC-D675A29E5EAC} = {4F21506E-831D-4E17-B0EC-D675A29E5EAC}
	EndProjectSection
EndProject
Project("{8BC9CEB8-8B4A-11D0-8D11-00A0C91BC942}") = "PostViewLib", "PostViewLib\PostViewLib.vcxproj", "{4989852C-31F2-43BB-B60B-8F06B4011499}"
EndProject
Project("{2150E333-8FDC-42A3-9474-1A3956D46DE8}") = "Solution Items", "Solution Items", "{3CB18A43-ACDB-49A2-AF00-1DC5751DEFFA}"
	ProjectSection(SolutionItems) = preProject
		Performance3.psess = Performance3.psess
		Performance4.psess = Performance4.psess
		Performance5.psess = Performance5.psess
	EndProjectSection
EndProject
Project("{6141683F-8A12-4E36-9623-2EB02B2C2303}") = "Setup1", "Setup1\Setup1.isproj", "{7CED8DF4-9203-4119-BEE8-21D6EFC41EE4}"
	ProjectSection(ProjectDependencies) = postProject
		{91ED7824-098D-48E1-804F-D79A362BEFAD} = {91ED7824-098D-48E1-804F-D79A362BEFAD}
		{4989852C-31F2-43BB-B60B-8F06B4011499} = {4989852C-31F2-43BB-B60B-8F06B4011499}
	EndProjectSection
EndProject
Project("{8BC9CEB8-8B4A-11D0-8D11-00A0C91BC942}") = "GLWLib", "GLWLib\GLWLib.vcxproj", "{4F21506E-831D-4E17-B0EC-D675A29E5EAC}"
EndProject
Global
	GlobalSection(SolutionConfigurationPlatforms) = preSolution
		CD_ROM|Mixed Platforms = CD_ROM|Mixed Platforms
		CD_ROM|Win32 = CD_ROM|Win32
		CD_ROM|x64 = CD_ROM|x64
		Debug (No MOC)|Mixed Platforms = Debug (No MOC)|Mixed Platforms
		Debug (No MOC)|Win32 = Debug (No MOC)|Win32
		Debug (No MOC)|x64 = Debug (No MOC)|x64
		Debug|Mixed Platforms = Debug|Mixed Platforms
		Debug|Win32 = Debug|Win32
		Debug|x64 = Debug|x64
		DVD-5|Mixed Platforms = DVD-5|Mixed Platforms
		DVD-5|Win32 = DVD-5|Win32
		DVD-5|x64 = DVD-5|x64
		Release|Mixed Platforms = Release|Mixed Platforms
		Release|Win32 = Release|Win32
		Release|x64 = Release|x64
		SingleImage|Mixed Platforms = SingleImage|Mixed Platforms
		SingleImage|Win32 = SingleImage|Win32
		SingleImage|x64 = SingleImage|x64
	EndGlobalSection
	GlobalSection(ProjectConfigurationPlatforms) = postSolution
		{91ED7824-098D-48E1-804F-D79A362BEFAD}.CD_ROM|Mixed Platforms.ActiveCfg = Debug|Win32
		{91ED7824-098D-48E1-804F-D79A362BEFAD}.CD_ROM|Mixed Platforms.Build.0 = Debug|Win32
		{91ED7824-098D-48E1-804F-D79A362BEFAD}.CD_ROM|Win32.ActiveCfg = Release|Win32
		{91ED7824-098D-48E1-804F-D79A362BEFAD}.CD_ROM|Win32.Build.0 = Release|Win32
		{91ED7824-098D-48E1-804F-D79A362BEFAD}.CD_ROM|x64.ActiveCfg = Release|x64
		{91ED7824-098D-48E1-804F-D79A362BEFAD}.CD_ROM|x64.Build.0 = Release|x64
		{91ED7824-098D-48E1-804F-D79A362BEFAD}.Debug (No MOC)|Mixed Platforms.ActiveCfg = Debug (No MOC)|Win32
		{91ED7824-098D-48E1-804F-D79A362BEFAD}.Debug (No MOC)|Mixed Platforms.Build.0 = Debug (No MOC)|Win32
		{91ED7824-098D-48E1-804F-D79A362BEFAD}.Debug (No MOC)|Win32.ActiveCfg = Debug (No MOC)|Win32
		{91ED7824-098D-48E1-804F-D79A362BEFAD}.Debug (No MOC)|Win32.Build.0 = Debug (No MOC)|Win32
		{91ED7824-098D-48E1-804F-D79A362BEFAD}.Debug (No MOC)|x64.ActiveCfg = Debug (No MOC)|x64
		{91ED7824-098D-48E1-804F-D79A362BEFAD}.Debug (No MOC)|x64.Build.0 = Debug (No MOC)|x64
		{91ED7824-098D-48E1-804F-D79A362BEFAD}.Debug|Mixed Platforms.ActiveCfg = Debug|Win32
		{91ED7824-098D-48E1-804F-D79A362BEFAD}.Debug|Mixed Platforms.Build.0 = Debug|Win32
		{91ED7824-098D-48E1-804F-D79A362BEFAD}.Debug|Win32.ActiveCfg = Debug|Win32
		{91ED7824-098D-48E1-804F-D79A362BEFAD}.Debug|Win32.Build.0 = Debug|Win32
		{91ED7824-098D-48E1-804F-D79A362BEFAD}.Debug|x64.ActiveCfg = Debug|x64
		{91ED7824-098D-48E1-804F-D79A362BEFAD}.Debug|x64.Build.0 = Debug|x64
		{91ED7824-098D-48E1-804F-D79A362BEFAD}.DVD-5|Mixed Platforms.ActiveCfg = Debug|Win32
		{91ED7824-098D-48E1-804F-D79A362BEFAD}.DVD-5|Mixed Platforms.Build.0 = Debug|Win32
		{91ED7824-098D-48E1-804F-D79A362BEFAD}.DVD-5|Win32.ActiveCfg = Debug|Win32
		{91ED7824-098D-48E1-804F-D79A362BEFAD}.DVD-5|Win32.Build.0 = Debug|Win32
		{91ED7824-098D-48E1-804F-D79A362BEFAD}.DVD-5|x64.ActiveCfg = Debug|x64
		{91ED7824-098D-48E1-804F-D79A362BEFAD}.DVD-5|x64.Build.0 = Debug|x64
		{91ED7824-098D-48E1-804F-D79A362BEFAD}.Release|Mixed Platforms.ActiveCfg = Release|Win32
		{91ED7824-098D-48E1-804F-D79A362BEFAD}.Release|Mixed Platforms.Build.0 = Release|Win32
		{91ED7824-098D-48E1-804F-D79A362BEFAD}.Release|Win32.ActiveCfg = Release|Win32
		{91ED7824-098D-48E1-804F-D79A362BEFAD}.Release|Win32.Build.0 = Release|Win32
		{91ED7824-098D-48E1-804F-D79A362BEFAD}.Release|x64.ActiveCfg = Release|x64
		{91ED7824-098D-48E1-804F-D79A362BEFAD}.Release|x64.Build.0 = Release|x64
		{91ED7824-098D-48E1-804F-D79A362BEFAD}.SingleImage|Mixed Platforms.ActiveCfg = Debug|Win32
		{91ED7824-098D-48E1-804F-D79A362BEFAD}.SingleImage|Mixed Platforms.Build.0 = Debug|Win32
		{91ED7824-098D-48E1-804F-D79A362BEFAD}.SingleImage|Win32.ActiveCfg = Release|Win32
		{91ED7824-098D-48E1-804F-D79A362BEFAD}.SingleImage|Win32.Build.0 = Release|Win32
		{91ED7824-098D-48E1-804F-D79A362BEFAD}.SingleImage|x64.ActiveCfg = Release|x64
		{91ED7824-098D-48E1-804F-D79A362BEFAD}.SingleImage|x64.Build.0 = Release|x64
		{4989852C-31F2-43BB-B60B-8F06B4011499}.CD_ROM|Mixed Platforms.ActiveCfg = Debug|Win32
		{4989852C-31F2-43BB-B60B-8F06B4011499}.CD_ROM|Mixed Platforms.Build.0 = Debug|Win32
		{4989852C-31F2-43BB-B60B-8F06B4011499}.CD_ROM|Win32.ActiveCfg = Release|Win32
		{4989852C-31F2-43BB-B60B-8F06B4011499}.CD_ROM|Win32.Build.0 = Release|Win32
		{4989852C-31F2-43BB-B60B-8F06B4011499}.CD_ROM|x64.ActiveCfg = Release|x64
		{4989852C-31F2-43BB-B60B-8F06B4011499}.CD_ROM|x64.Build.0 = Release|x64
		{4989852C-31F2-43BB-B60B-8F06B4011499}.Debug (No MOC)|Mixed Platforms.ActiveCfg = Debug (No MOC)|Win32
		{4989852C-31F2-43BB-B60B-8F06B4011499}.Debug (No MOC)|Mixed Platforms.Build.0 = Debug (No MOC)|Win32
		{4989852C-31F2-43BB-B60B-8F06B4011499}.Debug (No MOC)|Win32.ActiveCfg = Debug (No MOC)|Win32
		{4989852C-31F2-43BB-B60B-8F06B4011499}.Debug (No MOC)|Win32.Build.0 = Debug (No MOC)|Win32
		{4989852C-31F2-43BB-B60B-8F06B4011499}.Debug (No MOC)|x64.ActiveCfg = Debug (No MOC)|x64
		{4989852C-31F2-43BB-B60B-8F06B4011499}.Debug (No MOC)|x64.Build.0 = Debug (No MOC)|x64
		{4989852C-31F2-43BB-B60B-8F06B4011499}.Debug|Mixed Platforms.ActiveCfg = Debug|Win32
		{4989852C-31F2-43BB-B60B-8F06B4011499}.Debug|Mixed Platforms.Build.0 = Debug|Win32
		{4989852C-31F2-43BB-B60B-8F06B4011499}.Debug|Win32.ActiveCfg = Debug|Win32
		{4989852C-31F2-43BB-B60B-8F06B4011499}.Debug|Win32.Build.0 = Debug|Win32
		{4989852C-31F2-43BB-B60B-8F06B4011499}.Debug|x64.ActiveCfg = Debug|x64
		{4989852C-31F2-43BB-B60B-8F06B4011499}.Debug|x64.Build.0 = Debug|x64
		{4989852C-31F2-43BB-B60B-8F06B4011499}.DVD-5|Mixed Platforms.ActiveCfg = Debug|Win32
		{4989852C-31F2-43BB-B60B-8F06B4011499}.DVD-5|Mixed Platforms.Build.0 = Debug|Win32
		{4989852C-31F2-43BB-B60B-8F06B4011499}.DVD-5|Win32.ActiveCfg = Debug|Win32
		{4989852C-31F2-43BB-B60B-8F06B4011499}.DVD-5|Win32.Build.0 = Debug|Win32
		{4989852C-31F2-43BB-B60B-8F06B4011499}.DVD-5|x64.ActiveCfg = Debug|x64
		{4989852C-31F2-43BB-B60B-8F06B4011499}.DVD-5|x64.Build.0 = Debug|x64
		{4989852C-31F2-43BB-B60B-8F06B4011499}.Release|Mixed Platforms.ActiveCfg = Release|Win32
		{4989852C-31F2-43BB-B60B-8F06B4011499}.Release|Mixed Platforms.Build.0 = Release|Win32
		{4989852C-31F2-43BB-B60B-8F06B4011499}.Release|Win32.ActiveCfg = Release|Win32
		{4989852C-31F2-43BB-B60B-8F06B4011499}.Release|Win32.Build.0 = Release|Win32
		{4989852C-31F2-43BB-B60B-8F06B4011499}.Release|x64.ActiveCfg = Release|x64
		{4989852C-31F2-43BB-B60B-8F06B4011499}.Release|x64.Build.0 = Release|x64
		{4989852C-31F2-43BB-B60B-8F06B4011499}.SingleImage|Mixed Platforms.ActiveCfg = Debug|Win32
		{4989852C-31F2-43BB-B60B-8F06B4011499}.SingleImage|Mixed Platforms.Build.0 = Debug|Win32
		{4989852C-31F2-43BB-B60B-8F06B4011499}.SingleImage|Win32.ActiveCfg = Release|Win32
		{4989852C-31F2-43BB-B60B-8F06B4011499}.SingleImage|Win32.Build.0 = Release|Win32
		{4989852C-31F2-43BB-B60B-8F06B4011499}.SingleImage|x64.ActiveCfg = Release|x64
		{4989852C-31F2-43BB-B60B-8F06B4011499}.SingleImage|x64.Build.0 = Release|x64
		{7CED8DF4-9203-4119-BEE8-21D6EFC41EE4}.CD_ROM|Mixed Platforms.ActiveCfg = CD_ROM
		{7CED8DF4-9203-4119-BEE8-21D6EFC41EE4}.CD_ROM|Mixed Platforms.Build.0 = CD_ROM
		{7CED8DF4-9203-4119-BEE8-21D6EFC41EE4}.CD_ROM|Win32.ActiveCfg = CD_ROM
		{7CED8DF4-9203-4119-BEE8-21D6EFC41EE4}.CD_ROM|Win32.Build.0 = CD_ROM
		{7CED8DF4-9203-4119-BEE8-21D6EFC41EE4}.CD_ROM|x64.ActiveCfg = CD_ROM
		{7CED8DF4-9203-4119-BEE8-21D6EFC41EE4}.CD_ROM|x64.Build.0 = CD_ROM
		{7CED8DF4-9203-4119-BEE8-21D6EFC41EE4}.Debug (No MOC)|Mixed Platforms.ActiveCfg = DVD-5
		{7CED8DF4-9203-4119-BEE8-21D6EFC41EE4}.Debug (No MOC)|Mixed Platforms.Build.0 = DVD-5
		{7CED8DF4-9203-4119-BEE8-21D6EFC41EE4}.Debug (No MOC)|Win32.ActiveCfg = DVD-5
		{7CED8DF4-9203-4119-BEE8-21D6EFC41EE4}.Debug (No MOC)|Win32.Build.0 = DVD-5
		{7CED8DF4-9203-4119-BEE8-21D6EFC41EE4}.Debug (No MOC)|x64.ActiveCfg = DVD-5
		{7CED8DF4-9203-4119-BEE8-21D6EFC41EE4}.Debug (No MOC)|x64.Build.0 = DVD-5
		{7CED8DF4-9203-4119-BEE8-21D6EFC41EE4}.Debug|Mixed Platforms.ActiveCfg = DVD-5
		{7CED8DF4-9203-4119-BEE8-21D6EFC41EE4}.Debug|Mixed Platforms.Build.0 = DVD-5
		{7CED8DF4-9203-4119-BEE8-21D6EFC41EE4}.Debug|Win32.ActiveCfg = DVD-5
		{7CED8DF4-9203-4119-BEE8-21D6EFC41EE4}.Debug|Win32.Build.0 = DVD-5
		{7CED8DF4-9203-4119-BEE8-21D6EFC41EE4}.Debug|x64.ActiveCfg = DVD-5
		{7CED8DF4-9203-4119-BEE8-21D6EFC41EE4}.DVD-5|Mixed Platforms.ActiveCfg = DVD-5
		{7CED8DF4-9203-4119-BEE8-21D6EFC41EE4}.DVD-5|Mixed Platforms.Build.0 = DVD-5
		{7CED8DF4-9203-4119-BEE8-21D6EFC41EE4}.DVD-5|Win32.ActiveCfg = DVD-5
		{7CED8DF4-9203-4119-BEE8-21D6EFC41EE4}.DVD-5|Win32.Build.0 = DVD-5
		{7CED8DF4-9203-4119-BEE8-21D6EFC41EE4}.DVD-5|x64.ActiveCfg = DVD-5
		{7CED8DF4-9203-4119-BEE8-21D6EFC41EE4}.DVD-5|x64.Build.0 = DVD-5
		{7CED8DF4-9203-4119-BEE8-21D6EFC41EE4}.Release|Mixed Platforms.ActiveCfg = SingleImage
		{7CED8DF4-9203-4119-BEE8-21D6EFC41EE4}.Release|Mixed Platforms.Build.0 = SingleImage
		{7CED8DF4-9203-4119-BEE8-21D6EFC41EE4}.Release|Win32.ActiveCfg = SingleImage
		{7CED8DF4-9203-4119-BEE8-21D6EFC41EE4}.Release|Win32.Build.0 = SingleImage
		{7CED8DF4-9203-4119-BEE8-21D6EFC41EE4}.Release|x64.ActiveCfg = SingleImage
		{7CED8DF4-9203-4119-BEE8-21D6EFC41EE4}.SingleImage|Mixed Platforms.ActiveCfg = SingleImage
		{7CED8DF4-9203-4119-BEE8-21D6EFC41EE4}.SingleImage|Mixed Platforms.Build.0 = SingleImage
		{7CED8DF4-9203-4119-BEE8-21D6EFC41EE4}.SingleImage|Win32.ActiveCfg = SingleImage
		{7CED8DF4-9203-4119-BEE8-21D6EFC41EE4}.SingleImage|Win32.Build.0 = SingleImage
		{7CED8DF4-9203-4119-BEE8-21D6EFC41EE4}.SingleImage|x64.ActiveCfg = SingleImage
		{7CED8DF4-9203-4119-BEE8-21D6EFC41EE4}.SingleImage|x64.Build.0 = SingleImage
		{4F21506E-831D-4E17-B0EC-D675A29E5EAC}.CD_ROM|Mixed Platforms.ActiveCfg = Release|Win32
		{4F21506E-831D-4E17-B0EC-D675A29E5EAC}.CD_ROM|Mixed Platforms.Build.0 = Release|Win32
		{4F21506E-831D-4E17-B0EC-D675A29E5EAC}.CD_ROM|Win32.ActiveCfg = Release|Win32
		{4F21506E-831D-4E17-B0EC-D675A29E5EAC}.CD_ROM|Win32.Build.0 = Release|Win32
		{4F21506E-831D-4E17-B0EC-D675A29E5EAC}.CD_ROM|x64.ActiveCfg = Release|Win32
		{4F21506E-831D-4E17-B0EC-D675A29E5EAC}.Debug (No MOC)|Mixed Platforms.ActiveCfg = Debug|Win32
		{4F21506E-831D-4E17-B0EC-D675A29E5EAC}.Debug (No MOC)|Mixed Platforms.Build.0 = Debug|Win32
		{4F21506E-831D-4E17-B0EC-D675A29E5EAC}.Debug (No MOC)|Win32.ActiveCfg = Debug|Win32
		{4F21506E-831D-4E17-B0EC-D675A29E5EAC}.Debug (No MOC)|Win32.Build.0 = Debug|Win32
		{4F21506E-831D-4E17-B0EC-D675A29E5EAC}.Debug (No MOC)|x64.ActiveCfg = Debug|Win32
		{4F21506E-831D-4E17-B0EC-D675A29E5EAC}.Debug|Mixed Platforms.ActiveCfg = Debug|Win32
		{4F21506E-831D-4E17-B0EC-D675A29E5EAC}.Debug|Mixed Platforms.Build.0 = Debug|Win32
		{4F21506E-831D-4E17-B0EC-D675A29E5EAC}.Debug|Win32.ActiveCfg = Debug|Win32
		{4F21506E-831D-4E17-B0EC-D675A29E5EAC}.Debug|Win32.Build.0 = Debug|Win32
		{4F21506E-831D-4E17-B0EC-D675A29E5EAC}.Debug|x64.ActiveCfg = Debug|x64
		{4F21506E-831D-4E17-B0EC-D675A29E5EAC}.Debug|x64.Build.0 = Debug|x64
		{4F21506E-831D-4E17-B0EC-D675A29E5EAC}.DVD-5|Mixed Platforms.ActiveCfg = Debug|Win32
		{4F21506E-831D-4E17-B0EC-D675A29E5EAC}.DVD-5|Mixed Platforms.Build.0 = Debug|Win32
		{4F21506E-831D-4E17-B0EC-D675A29E5EAC}.DVD-5|Win32.ActiveCfg = Debug|Win32
		{4F21506E-831D-4E17-B0EC-D675A29E5EAC}.DVD-5|Win32.Build.0 = Debug|Win32
		{4F21506E-831D-4E17-B0EC-D675A29E5EAC}.DVD-5|x64.ActiveCfg = Debug|Win32
		{4F21506E-831D-4E17-B0EC-D675A29E5EAC}.Release|Mixed Platforms.ActiveCfg = Release|Win32
		{4F21506E-831D-4E17-B0EC-D675A29E5EAC}.Release|Mixed Platforms.Build.0 = Release|Win32
		{4F21506E-831D-4E17-B0EC-D675A29E5EAC}.Release|Win32.ActiveCfg = Release|Win32
		{4F21506E-831D-4E17-B0EC-D675A29E5EAC}.Release|Win32.Build.0 = Release|Win32
		{4F21506E-831D-4E17-B0EC-D675A29E5EAC}.Release|x64.ActiveCfg = Release|x64
		{4F21506E-831D-4E17-B0EC-D675A29E5EAC}.Release|x64.Build.0 = Release|x64
		{4F21506E-831D-4E17-B0EC-D675A29E5EAC}.SingleImage|Mixed Platforms.ActiveCfg = Release|Win32
		{4F21506E-831D-4E17-B0EC-D675A29E5EAC}.SingleImage|Mixed Platforms.Build.0 = Release|Win32
		{4F21506E-831D-4E17-B0EC-D675A29E5EAC}.SingleImage|Win32.ActiveCfg = Release|Win32
		{4F21506E-831D-4E17-B0EC-D675A29E5EAC}.SingleImage|Win32.Build.0 = Release|Win32
		{4F21506E-831D-4E17-B0EC-D675A29E5EAC}.SingleImage|x64.ActiveCfg = Release|Win32
	EndGlobalSection
	GlobalSection(SolutionProperties) = preSolution
		HideSolutionNode = FALSE
	EndGlobalSection
	GlobalSection(Performance) = preSolution
		HasPerformanceSessions = true
	EndGlobalSection
EndGlobal
