<?xml version="1.0" encoding="utf-8"?>
<Project ToolsVersion="4.0" xmlns="http://schemas.microsoft.com/developer/msbuild/2003">
  <ItemGroup>
    <Filter Include="Source Files">
      <UniqueIdentifier>{4FC737F1-C7A5-4376-A066-2A32D752A2FF}</UniqueIdentifier>
      <Extensions>cpp;c;cc;cxx;def;odl;idl;hpj;bat;asm;asmx</Extensions>
    </Filter>
    <Filter Include="Header Files">
      <UniqueIdentifier>{93995380-89BD-4b04-88EB-625FBE52EBFB}</UniqueIdentifier>
      <Extensions>h;hpp;hxx;hm;inl;inc;xsd</Extensions>
    </Filter>
    <Filter Include="Resource Files">
      <UniqueIdentifier>{67DA6AB6-F800-4c08-8B7A-83BB121AAD01}</UniqueIdentifier>
      <Extensions>rc;ico;cur;bmp;dlg;rc2;rct;bin;rgs;gif;jpg;jpeg;jpe;resx;tiff;tif;png;wav;mfcribbon-ms</Extensions>
    </Filter>
  </ItemGroup>
  <ItemGroup>
    <None Include="ReadMe.txt" />
  </ItemGroup>
  <ItemGroup>
    <ClCompile Include="..\PostView2\PostView2.cpp">
      <Filter>Source Files</Filter>
    </ClCompile>
    <ClCompile Include="..\PostView2\stdafx.cpp">
      <Filter>Source Files</Filter>
    </ClCompile>
    <ClCompile Include="..\PostView2\moc_MainWindow.cpp">
      <Filter>Source Files</Filter>
    </ClCompile>
    <ClCompile Include="..\PostView2\MainWindow.cpp">
      <Filter>Source Files</Filter>
    </ClCompile>
    <ClCompile Include="..\PostView2\FileViewer.cpp">
      <Filter>Source Files</Filter>
    </ClCompile>
    <ClCompile Include="..\PostView2\ModelViewer.cpp">
      <Filter>Source Files</Filter>
    </ClCompile>
    <ClCompile Include="..\PostView2\MaterialPanel.cpp">
      <Filter>Source Files</Filter>
    </ClCompile>
    <ClCompile Include="..\PostView2\DataPanel.cpp">
      <Filter>Source Files</Filter>
    </ClCompile>
    <ClCompile Include="..\PostView2\StatePanel.cpp">
      <Filter>Source Files</Filter>
    </ClCompile>
    <ClCompile Include="..\PostView2\ToolsPanel.cpp">
      <Filter>Source Files</Filter>
    </ClCompile>
    <ClCompile Include="..\PostView2\GLView.cpp">
      <Filter>Source Files</Filter>
    </ClCompile>
    <ClCompile Include="..\PostView2\moc_FileViewer.cpp">
      <Filter>Source Files</Filter>
    </ClCompile>
    <ClCompile Include="..\PostView2\Document.cpp">
      <Filter>Source Files</Filter>
    </ClCompile>
    <ClCompile Include="..\PostViewLib\lut.cpp">
      <Filter>Source Files</Filter>
    </ClCompile>
    <ClCompile Include="..\PostView2\GLModel.cpp">
      <Filter>Source Files</Filter>
    </ClCompile>
    <ClCompile Include="..\PostView2\GLWidget.cpp">
      <Filter>Source Files</Filter>
    </ClCompile>
    <ClCompile Include="..\PostView2\GLWidgetManager.cpp">
      <Filter>Source Files</Filter>
    </ClCompile>
    <ClCompile Include="..\PostView2\GLDataMap.cpp">
      <Filter>Source Files</Filter>
    </ClCompile>
    <ClCompile Include="..\PostView2\GLMesh.cpp">
      <Filter>Source Files</Filter>
    </ClCompile>
    <ClCompile Include="..\PostView2\GLIsoSurfacePlot.cpp">
      <Filter>Source Files</Filter>
    </ClCompile>
    <ClCompile Include="..\PostView2\GLLinePlot.cpp">
      <Filter>Source Files</Filter>
    </ClCompile>
    <ClCompile Include="..\PostView2\GLPlane.cpp">
      <Filter>Source Files</Filter>
    </ClCompile>
    <ClCompile Include="..\PostView2\GLPlaneCutPlot.cpp">
      <Filter>Source Files</Filter>
    </ClCompile>
    <ClCompile Include="..\PostView2\GLPlot.cpp">
      <Filter>Source Files</Filter>
    </ClCompile>
    <ClCompile Include="..\PostView2\GLSlicePLot.cpp">
      <Filter>Source Files</Filter>
    </ClCompile>
    <ClCompile Include="..\PostView2\GLVectorPlot.cpp">
      <Filter>Source Files</Filter>
    </ClCompile>
    <ClCompile Include="..\PostView2\GLContext.cpp">
      <Filter>Source Files</Filter>
    </ClCompile>
    <ClCompile Include="..\PostView2\render.cpp">
      <Filter>Source Files</Filter>
    </ClCompile>
    <ClCompile Include="..\PostView2\qrc_postview.cpp">
      <Filter>Source Files</Filter>
    </ClCompile>
    <ClCompile Include="..\PostView2\CommandPanel.cpp">
      <Filter>Source Files</Filter>
    </ClCompile>
    <ClCompile Include="..\PostView2\moc_ModelViewer.cpp">
      <Filter>Source Files</Filter>
    </ClCompile>
    <ClCompile Include="..\PostView2\PropertyListView.cpp">
      <Filter>Source Files</Filter>
    </ClCompile>
    <ClCompile Include="..\PostView2\moc_PropertyListView.cpp">
      <Filter>Source Files</Filter>
    </ClCompile>
    <ClCompile Include="..\PostView2\moc_MaterialPanel.cpp">
      <Filter>Source Files</Filter>
    </ClCompile>
    <ClCompile Include="..\PostView2\moc_StatePanel.cpp">
      <Filter>Source Files</Filter>
    </ClCompile>
    <ClCompile Include="..\PostView2\moc_DataPanel.cpp">
      <Filter>Source Files</Filter>
    </ClCompile>
    <ClCompile Include="..\PostView2\moc_ToolsPanel.cpp">
      <Filter>Source Files</Filter>
    </ClCompile>
    <ClCompile Include="..\PostView2\PropertyList.cpp">
      <Filter>Source Files</Filter>
    </ClCompile>
    <ClCompile Include="..\PostView2\Tool.cpp">
      <Filter>Source Files</Filter>
    </ClCompile>
    <ClCompile Include="..\PostView2\PropertyListForm.cpp">
      <Filter>Source Files</Filter>
    </ClCompile>
    <ClCompile Include="..\PostView2\moc_PropertyListForm.cpp">
      <Filter>Source Files</Filter>
    </ClCompile>
  </ItemGroup>
  <ItemGroup>
    <ClInclude Include="..\PostView2\stdafx.h">
      <Filter>Header Files</Filter>
    </ClInclude>
    <ClInclude Include="..\PostView2\targetver.h">
      <Filter>Header Files</Filter>
    </ClInclude>
    <ClInclude Include="..\PostView2\GLView.h">
      <Filter>Header Files</Filter>
    </ClInclude>
    <ClInclude Include="..\PostView2\Document.h">
      <Filter>Header Files</Filter>
    </ClInclude>
    <ClInclude Include="..\PostView2\GLModel.h">
      <Filter>Header Files</Filter>
    </ClInclude>
    <ClInclude Include="..\PostView2\GLWidget.h">
      <Filter>Header Files</Filter>
    </ClInclude>
    <ClInclude Include="..\PostView2\GLWidgetManager.h">
      <Filter>Header Files</Filter>
    </ClInclude>
    <ClInclude Include="..\PostView2\GLDataMap.h">
      <Filter>Header Files</Filter>
    </ClInclude>
    <ClInclude Include="..\PostView2\GLMesh.h">
      <Filter>Header Files</Filter>
    </ClInclude>
    <ClInclude Include="..\PostView2\GLIsoSurfacePlot.h">
      <Filter>Header Files</Filter>
    </ClInclude>
    <ClInclude Include="..\PostView2\GLLinePlot.h">
      <Filter>Header Files</Filter>
    </ClInclude>
    <ClInclude Include="..\PostView2\GLPlane.h">
      <Filter>Header Files</Filter>
    </ClInclude>
    <ClInclude Include="..\PostView2\GLPlaneCutPlot.h">
      <Filter>Header Files</Filter>
    </ClInclude>
    <ClInclude Include="..\PostView2\GLPlot.h">
      <Filter>Header Files</Filter>
    </ClInclude>
    <ClInclude Include="..\PostView2\GLSlicePLot.h">
      <Filter>Header Files</Filter>
    </ClInclude>
    <ClInclude Include="..\PostView2\GLVectorPlot.h">
      <Filter>Header Files</Filter>
    </ClInclude>
    <ClInclude Include="..\PostView2\GLContext.h">
      <Filter>Header Files</Filter>
    </ClInclude>
    <ClInclude Include="..\PostView2\CommandPanel.h">
      <Filter>Header Files</Filter>
    </ClInclude>
    <ClInclude Include="..\PostView2\PropertyList.h">
      <Filter>Header Files</Filter>
    </ClInclude>
    <ClInclude Include="..\PostView2\Tool.h">
      <Filter>Header Files</Filter>
    </ClInclude>
  </ItemGroup>
  <ItemGroup>
    <CustomBuild Include="..\PostView2\MainWindow.h">
      <Filter>Header Files</Filter>
    </CustomBuild>
    <CustomBuild Include="..\PostView2\FileViewer.h">
      <Filter>Header Files</Filter>
    </CustomBuild>
    <CustomBuild Include="..\PostView2\ModelViewer.h">
      <Filter>Header Files</Filter>
    </CustomBuild>
    <CustomBuild Include="..\PostView2\PropertyListView.h">
      <Filter>Header Files</Filter>
    </CustomBuild>
    <CustomBuild Include="..\PostView2\MaterialPanel.h">
      <Filter>Header Files</Filter>
    </CustomBuild>
    <CustomBuild Include="..\PostView2\StatePanel.h">
      <Filter>Header Files</Filter>
    </CustomBuild>
    <CustomBuild Include="..\PostView2\DataPanel.h">
      <Filter>Header Files</Filter>
    </CustomBuild>
    <CustomBuild Include="..\PostView2\ToolsPanel.h">
      <Filter>Header Files</Filter>
    </CustomBuild>
    <CustomBuild Include="..\PostView2\PropertyListForm.h">
      <Filter>Header Files</Filter>
    </CustomBuild>
  </ItemGroup>
</Project>